// !$*UTF8*$!
{
	archiveVersion = 1;
	classes = {
	};
	objectVersion = 56;
	objects = {

/* Begin PBXBuildFile section */
		A164D6042CA656D300F8025F /* shaders in CopyFiles */ = {isa = PBXBuildFile; fileRef = A1DC6C9E2C8AB4240040BFD7 /* shaders */; };
		A1DAF3092C94BD8800043FB1 /* SDL2_image.framework in Frameworks */ = {isa = PBXBuildFile; fileRef = A1DC6CA82C8AB4D00040BFD7 /* SDL2_image.framework */; };
		A1DAF30A2C94BD8800043FB1 /* SDL2_mixer.framework in Frameworks */ = {isa = PBXBuildFile; fileRef = A1DC6CA62C8AB4D00040BFD7 /* SDL2_mixer.framework */; };
		A1DAF30B2C94BD8800043FB1 /* SDL2.framework in Frameworks */ = {isa = PBXBuildFile; fileRef = A1DC6CA72C8AB4D00040BFD7 /* SDL2.framework */; };
		A1DC6C952C8AB3AB0040BFD7 /* main.cpp in Sources */ = {isa = PBXBuildFile; fileRef = A1DC6C942C8AB3AB0040BFD7 /* main.cpp */; };
		A1DC6CA02C8AB4240040BFD7 /* ShaderProgram.cpp in Sources */ = {isa = PBXBuildFile; fileRef = A1DC6C9D2C8AB4240040BFD7 /* ShaderProgram.cpp */; };
		A1DC6CA32C8AB4930040BFD7 /* OpenGL.framework in Frameworks */ = {isa = PBXBuildFile; fileRef = A1DC6CA22C8AB4930040BFD7 /* OpenGL.framework */; };
		A1DC6CA52C8AB4980040BFD7 /* Cocoa.framework in Frameworks */ = {isa = PBXBuildFile; fileRef = A1DC6CA42C8AB4980040BFD7 /* Cocoa.framework */; };
/* End PBXBuildFile section */

/* Begin PBXCopyFilesBuildPhase section */
		A1DC6C8F2C8AB3AB0040BFD7 /* CopyFiles */ = {
			isa = PBXCopyFilesBuildPhase;
			buildActionMask = 12;
			dstPath = "";
			dstSubfolderSpec = 6;
			files = (
				A164D6042CA656D300F8025F /* shaders in CopyFiles */,
			);
			runOnlyForDeploymentPostprocessing = 0;
		};
/* End PBXCopyFilesBuildPhase section */

/* Begin PBXFileReference section */
		A108AED22CB8D11E0040BFA9 /* tenniscourt.jpg */ = {isa = PBXFileReference; lastKnownFileType = image.jpeg; path = tenniscourt.jpg; sourceTree = "<group>"; };
		A108AED52CB8D14F0040BFA9 /* tennisball.png */ = {isa = PBXFileReference; lastKnownFileType = image.png; path = tennisball.png; sourceTree = "<group>"; };
		A108AED62CB8D16C0040BFA9 /* racket.png */ = {isa = PBXFileReference; lastKnownFileType = image.png; path = racket.png; sourceTree = "<group>"; };
		A19D643E2CBA30F90071BBC9 /* player1win.png */ = {isa = PBXFileReference; lastKnownFileType = image.png; path = player1win.png; sourceTree = "<group>"; };
		A19D643F2CBA30F90071BBC9 /* player2win.png */ = {isa = PBXFileReference; lastKnownFileType = image.png; path = player2win.png; sourceTree = "<group>"; };
		A1DC6C912C8AB3AB0040BFD7 /* SDLSimple */ = {isa = PBXFileReference; explicitFileType = "compiled.mach-o.executable"; includeInIndex = 0; path = SDLSimple; sourceTree = BUILT_PRODUCTS_DIR; };
		A1DC6C942C8AB3AB0040BFD7 /* main.cpp */ = {isa = PBXFileReference; lastKnownFileType = sourcecode.cpp.cpp; path = main.cpp; sourceTree = "<group>"; };
		A1DC6C9B2C8AB4240040BFD7 /* stb_image.h */ = {isa = PBXFileReference; fileEncoding = 4; lastKnownFileType = sourcecode.c.h; path = stb_image.h; sourceTree = "<group>"; };
		A1DC6C9C2C8AB4240040BFD7 /* ShaderProgram.h */ = {isa = PBXFileReference; fileEncoding = 4; lastKnownFileType = sourcecode.c.h; path = ShaderProgram.h; sourceTree = "<group>"; };
		A1DC6C9D2C8AB4240040BFD7 /* ShaderProgram.cpp */ = {isa = PBXFileReference; fileEncoding = 4; lastKnownFileType = sourcecode.cpp.cpp; path = ShaderProgram.cpp; sourceTree = "<group>"; };
		A1DC6C9E2C8AB4240040BFD7 /* shaders */ = {isa = PBXFileReference; lastKnownFileType = folder; path = shaders; sourceTree = "<group>"; };
		A1DC6C9F2C8AB4240040BFD7 /* glm */ = {isa = PBXFileReference; lastKnownFileType = folder; path = glm; sourceTree = "<group>"; };
		A1DC6CA22C8AB4930040BFD7 /* OpenGL.framework */ = {isa = PBXFileReference; lastKnownFileType = wrapper.framework; name = OpenGL.framework; path = System/Library/Frameworks/OpenGL.framework; sourceTree = SDKROOT; };
		A1DC6CA42C8AB4980040BFD7 /* Cocoa.framework */ = {isa = PBXFileReference; lastKnownFileType = wrapper.framework; name = Cocoa.framework; path = System/Library/Frameworks/Cocoa.framework; sourceTree = SDKROOT; };
		A1DC6CA62C8AB4D00040BFD7 /* SDL2_mixer.framework */ = {isa = PBXFileReference; lastKnownFileType = wrapper.framework; name = SDL2_mixer.framework; path = ../../../../../Library/Frameworks/SDL2_mixer.framework; sourceTree = "<group>"; };
		A1DC6CA72C8AB4D00040BFD7 /* SDL2.framework */ = {isa = PBXFileReference; lastKnownFileType = wrapper.framework; name = SDL2.framework; path = ../../../../../Library/Frameworks/SDL2.framework; sourceTree = "<group>"; };
		A1DC6CA82C8AB4D00040BFD7 /* SDL2_image.framework */ = {isa = PBXFileReference; lastKnownFileType = wrapper.framework; name = SDL2_image.framework; path = ../../../../../Library/Frameworks/SDL2_image.framework; sourceTree = "<group>"; };
/* End PBXFileReference section */

/* Begin PBXFrameworksBuildPhase section */
		A1DC6C8E2C8AB3AB0040BFD7 /* Frameworks */ = {
			isa = PBXFrameworksBuildPhase;
			buildActionMask = 2147483647;
			files = (
				A1DAF3092C94BD8800043FB1 /* SDL2_image.framework in Frameworks */,
				A1DAF30A2C94BD8800043FB1 /* SDL2_mixer.framework in Frameworks */,
				A1DAF30B2C94BD8800043FB1 /* SDL2.framework in Frameworks */,
				A1DC6CA52C8AB4980040BFD7 /* Cocoa.framework in Frameworks */,
				A1DC6CA32C8AB4930040BFD7 /* OpenGL.framework in Frameworks */,
			);
			runOnlyForDeploymentPostprocessing = 0;
		};
/* End PBXFrameworksBuildPhase section */

/* Begin PBXGroup section */
		A1DC6C882C8AB3AB0040BFD7 = {
			isa = PBXGroup;
			children = (
				A1DC6C932C8AB3AB0040BFD7 /* SDLSimple */,
				A1DC6C922C8AB3AB0040BFD7 /* Products */,
				A1DC6CA12C8AB4930040BFD7 /* Frameworks */,
			);
			sourceTree = "<group>";
		};
		A1DC6C922C8AB3AB0040BFD7 /* Products */ = {
			isa = PBXGroup;
			children = (
				A1DC6C912C8AB3AB0040BFD7 /* SDLSimple */,
			);
			name = Products;
			sourceTree = "<group>";
		};
		A1DC6C932C8AB3AB0040BFD7 /* SDLSimple */ = {
			isa = PBXGroup;
			children = (
				A1DC6C9F2C8AB4240040BFD7 /* glm */,
				A1DC6C9D2C8AB4240040BFD7 /* ShaderProgram.cpp */,
				A1DC6C9C2C8AB4240040BFD7 /* ShaderProgram.h */,
				A1DC6C9E2C8AB4240040BFD7 /* shaders */,
				A1DC6C9B2C8AB4240040BFD7 /* stb_image.h */,
				A108AED22CB8D11E0040BFA9 /* tenniscourt.jpg */,
				A108AED62CB8D16C0040BFA9 /* racket.png */,
				A19D643E2CBA30F90071BBC9 /* player1win.png */,
				A19D643F2CBA30F90071BBC9 /* player2win.png */,
				A108AED52CB8D14F0040BFA9 /* tennisball.png */,
				A1DC6C942C8AB3AB0040BFD7 /* main.cpp */,
			);
			path = SDLSimple;
			sourceTree = "<group>";
		};
		A1DC6CA12C8AB4930040BFD7 /* Frameworks */ = {
			isa = PBXGroup;
			children = (
				A1DC6CA82C8AB4D00040BFD7 /* SDL2_image.framework */,
				A1DC6CA62C8AB4D00040BFD7 /* SDL2_mixer.framework */,
				A1DC6CA72C8AB4D00040BFD7 /* SDL2.framework */,
				A1DC6CA42C8AB4980040BFD7 /* Cocoa.framework */,
				A1DC6CA22C8AB4930040BFD7 /* OpenGL.framework */,
			);
			name = Frameworks;
			sourceTree = "<group>";
		};
/* End PBXGroup section */

/* Begin PBXNativeTarget section */
		A1DC6C902C8AB3AB0040BFD7 /* SDLSimple */ = {
			isa = PBXNativeTarget;
			buildConfigurationList = A1DC6C982C8AB3AB0040BFD7 /* Build configuration list for PBXNativeTarget "SDLSimple" */;
			buildPhases = (
				A1DC6C8D2C8AB3AB0040BFD7 /* Sources */,
				A1DC6C8E2C8AB3AB0040BFD7 /* Frameworks */,
				A1DC6C8F2C8AB3AB0040BFD7 /* CopyFiles */,
			);
			buildRules = (
			);
			dependencies = (
			);
			name = SDLSimple;
			productName = SDLSimple;
			productReference = A1DC6C912C8AB3AB0040BFD7 /* SDLSimple */;
			productType = "com.apple.product-type.tool";
		};
/* End PBXNativeTarget section */

/* Begin PBXProject section */
		A1DC6C892C8AB3AB0040BFD7 /* Project object */ = {
			isa = PBXProject;
			attributes = {
				BuildIndependentTargetsInParallel = 1;
				LastUpgradeCheck = 1540;
				TargetAttributes = {
					A1DC6C902C8AB3AB0040BFD7 = {
						CreatedOnToolsVersion = 15.4;
					};
				};
			};
			buildConfigurationList = A1DC6C8C2C8AB3AB0040BFD7 /* Build configuration list for PBXProject "SDLSimple" */;
			compatibilityVersion = "Xcode 14.0";
			developmentRegion = en;
			hasScannedForEncodings = 0;
			knownRegions = (
				en,
				Base,
			);
			mainGroup = A1DC6C882C8AB3AB0040BFD7;
			productRefGroup = A1DC6C922C8AB3AB0040BFD7 /* Products */;
			projectDirPath = "";
			projectRoot = "";
			targets = (
				A1DC6C902C8AB3AB0040BFD7 /* SDLSimple */,
			);
		};
/* End PBXProject section */

/* Begin PBXSourcesBuildPhase section */
		A1DC6C8D2C8AB3AB0040BFD7 /* Sources */ = {
			isa = PBXSourcesBuildPhase;
			buildActionMask = 2147483647;
			files = (
				A1DC6C952C8AB3AB0040BFD7 /* main.cpp in Sources */,
				A1DC6CA02C8AB4240040BFD7 /* ShaderProgram.cpp in Sources */,
			);
			runOnlyForDeploymentPostprocessing = 0;
		};
/* End PBXSourcesBuildPhase section */

/* Begin XCBuildConfiguration section */
		A1DC6C962C8AB3AB0040BFD7 /* Debug */ = {
			isa = XCBuildConfiguration;
			buildSettings = {
				ALWAYS_SEARCH_USER_PATHS = NO;
				ASSETCATALOG_COMPILER_GENERATE_SWIFT_ASSET_SYMBOL_EXTENSIONS = YES;
				CLANG_ANALYZER_NONNULL = YES;
				CLANG_ANALYZER_NUMBER_OBJECT_CONVERSION = YES_AGGRESSIVE;
				CLANG_CXX_LANGUAGE_STANDARD = "gnu++20";
				CLANG_ENABLE_MODULES = YES;
				CLANG_ENABLE_OBJC_ARC = YES;
				CLANG_ENABLE_OBJC_WEAK = YES;
				CLANG_WARN_BLOCK_CAPTURE_AUTORELEASING = YES;
				CLANG_WARN_BOOL_CONVERSION = YES;
				CLANG_WARN_COMMA = YES;
				CLANG_WARN_CONSTANT_CONVERSION = YES;
				CLANG_WARN_DEPRECATED_OBJC_IMPLEMENTATIONS = YES;
				CLANG_WARN_DIRECT_OBJC_ISA_USAGE = YES_ERROR;
				CLANG_WARN_DOCUMENTATION_COMMENTS = YES;
				CLANG_WARN_EMPTY_BODY = YES;
				CLANG_WARN_ENUM_CONVERSION = YES;
				CLANG_WARN_INFINITE_RECURSION = YES;
				CLANG_WARN_INT_CONVERSION = YES;
				CLANG_WARN_NON_LITERAL_NULL_CONVERSION = YES;
				CLANG_WARN_OBJC_IMPLICIT_RETAIN_SELF = YES;
				CLANG_WARN_OBJC_LITERAL_CONVERSION = YES;
				CLANG_WARN_OBJC_ROOT_CLASS = YES_ERROR;
				CLANG_WARN_QUOTED_INCLUDE_IN_FRAMEWORK_HEADER = YES;
				CLANG_WARN_RANGE_LOOP_ANALYSIS = YES;
				CLANG_WARN_STRICT_PROTOTYPES = YES;
				CLANG_WARN_SUSPICIOUS_MOVE = YES;
				CLANG_WARN_UNGUARDED_AVAILABILITY = YES_AGGRESSIVE;
				CLANG_WARN_UNREACHABLE_CODE = YES;
				CLANG_WARN__DUPLICATE_METHOD_MATCH = YES;
				COPY_PHASE_STRIP = NO;
				DEBUG_INFORMATION_FORMAT = dwarf;
				ENABLE_STRICT_OBJC_MSGSEND = YES;
				ENABLE_TESTABILITY = YES;
				ENABLE_USER_SCRIPT_SANDBOXING = YES;
				GCC_C_LANGUAGE_STANDARD = gnu17;
				GCC_DYNAMIC_NO_PIC = NO;
				GCC_NO_COMMON_BLOCKS = YES;
				GCC_OPTIMIZATION_LEVEL = 0;
				GCC_PREPROCESSOR_DEFINITIONS = (
					"DEBUG=1",
					"$(inherited)",
				);
				GCC_WARN_64_TO_32_BIT_CONVERSION = YES;
				GCC_WARN_ABOUT_RETURN_TYPE = YES_ERROR;
				GCC_WARN_UNDECLARED_SELECTOR = YES;
				GCC_WARN_UNINITIALIZED_AUTOS = YES_AGGRESSIVE;
				GCC_WARN_UNUSED_FUNCTION = YES;
				GCC_WARN_UNUSED_VARIABLE = YES;
				HEADER_SEARCH_PATHS = (
					/Library/Frameworks/SDL2.framework/Versions/A/Headers,
					/Library/Frameworks/SDL2_image.framework/Versions/A/Headers,
				);
				LOCALIZATION_PREFERS_STRING_CATALOGS = YES;
				MACOSX_DEPLOYMENT_TARGET = 14.5;
				MTL_ENABLE_DEBUG_INFO = INCLUDE_SOURCE;
				MTL_FAST_MATH = YES;
				ONLY_ACTIVE_ARCH = YES;
				SDKROOT = macosx;
			};
			name = Debug;
		};
		A1DC6C972C8AB3AB0040BFD7 /* Release */ = {
			isa = XCBuildConfiguration;
			buildSettings = {
				ALWAYS_SEARCH_USER_PATHS = NO;
				ASSETCATALOG_COMPILER_GENERATE_SWIFT_ASSET_SYMBOL_EXTENSIONS = YES;
				CLANG_ANALYZER_NONNULL = YES;
				CLANG_ANALYZER_NUMBER_OBJECT_CONVERSION = YES_AGGRESSIVE;
				CLANG_CXX_LANGUAGE_STANDARD = "gnu++20";
				CLANG_ENABLE_MODULES = YES;
				CLANG_ENABLE_OBJC_ARC = YES;
				CLANG_ENABLE_OBJC_WEAK = YES;
				CLANG_WARN_BLOCK_CAPTURE_AUTORELEASING = YES;
				CLANG_WARN_BOOL_CONVERSION = YES;
				CLANG_WARN_COMMA = YES;
				CLANG_WARN_CONSTANT_CONVERSION = YES;
				CLANG_WARN_DEPRECATED_OBJC_IMPLEMENTATIONS = YES;
				CLANG_WARN_DIRECT_OBJC_ISA_USAGE = YES_ERROR;
				CLANG_WARN_DOCUMENTATION_COMMENTS = YES;
				CLANG_WARN_EMPTY_BODY = YES;
				CLANG_WARN_ENUM_CONVERSION = YES;
				CLANG_WARN_INFINITE_RECURSION = YES;
				CLANG_WARN_INT_CONVERSION = YES;
				CLANG_WARN_NON_LITERAL_NULL_CONVERSION = YES;
				CLANG_WARN_OBJC_IMPLICIT_RETAIN_SELF = YES;
				CLANG_WARN_OBJC_LITERAL_CONVERSION = YES;
				CLANG_WARN_OBJC_ROOT_CLASS = YES_ERROR;
				CLANG_WARN_QUOTED_INCLUDE_IN_FRAMEWORK_HEADER = YES;
				CLANG_WARN_RANGE_LOOP_ANALYSIS = YES;
				CLANG_WARN_STRICT_PROTOTYPES = YES;
				CLANG_WARN_SUSPICIOUS_MOVE = YES;
				CLANG_WARN_UNGUARDED_AVAILABILITY = YES_AGGRESSIVE;
				CLANG_WARN_UNREACHABLE_CODE = YES;
				CLANG_WARN__DUPLICATE_METHOD_MATCH = YES;
				COPY_PHASE_STRIP = NO;
				DEBUG_INFORMATION_FORMAT = "dwarf-with-dsym";
				ENABLE_NS_ASSERTIONS = NO;
				ENABLE_STRICT_OBJC_MSGSEND = YES;
				ENABLE_USER_SCRIPT_SANDBOXING = YES;
				GCC_C_LANGUAGE_STANDARD = gnu17;
				GCC_NO_COMMON_BLOCKS = YES;
				GCC_WARN_64_TO_32_BIT_CONVERSION = YES;
				GCC_WARN_ABOUT_RETURN_TYPE = YES_ERROR;
				GCC_WARN_UNDECLARED_SELECTOR = YES;
				GCC_WARN_UNINITIALIZED_AUTOS = YES_AGGRESSIVE;
				GCC_WARN_UNUSED_FUNCTION = YES;
				GCC_WARN_UNUSED_VARIABLE = YES;
				HEADER_SEARCH_PATHS = (
					/Library/Frameworks/SDL2.framework/Versions/A/Headers,
					/Library/Frameworks/SDL2_image.framework/Versions/A/Headers,
				);
				LOCALIZATION_PREFERS_STRING_CATALOGS = YES;
				MACOSX_DEPLOYMENT_TARGET = 14.5;
				MTL_ENABLE_DEBUG_INFO = NO;
				MTL_FAST_MATH = YES;
				SDKROOT = macosx;
			};
			name = Release;
		};
		A1DC6C992C8AB3AB0040BFD7 /* Debug */ = {
			isa = XCBuildConfiguration;
			buildSettings = {
				CODE_SIGN_STYLE = Automatic;
				DEVELOPMENT_ASSET_PATHS = SDLSimple/shaders;
				FRAMEWORK_SEARCH_PATHS = (
					"$(inherited)",
					"$(LOCAL_LIBRARY_DIR)/Frameworks",
				);
				HEADER_SEARCH_PATHS = (
					/Library/Frameworks/SDL2.framework/Versions/A/Headers,
					/Library/Frameworks/SDL2_image.framework/Versions/A/Headers,
				);
				PRODUCT_NAME = "$(TARGET_NAME)";
			};
			name = Debug;
		};
		A1DC6C9A2C8AB3AB0040BFD7 /* Release */ = {
			isa = XCBuildConfiguration;
			buildSettings = {
				CODE_SIGN_STYLE = Automatic;
				DEVELOPMENT_ASSET_PATHS = SDLSimple/shaders;
				FRAMEWORK_SEARCH_PATHS = (
					"$(inherited)",
					"$(LOCAL_LIBRARY_DIR)/Frameworks",
				);
				HEADER_SEARCH_PATHS = (
					/Library/Frameworks/SDL2.framework/Versions/A/Headers,
					/Library/Frameworks/SDL2_image.framework/Versions/A/Headers,
				);
				PRODUCT_NAME = "$(TARGET_NAME)";
			};
			name = Release;
		};
/* End XCBuildConfiguration section */

/* Begin XCConfigurationList section */
		A1DC6C8C2C8AB3AB0040BFD7 /* Build configuration list for PBXProject "SDLSimple" */ = {
			isa = XCConfigurationList;
			buildConfigurations = (
				A1DC6C962C8AB3AB0040BFD7 /* Debug */,
				A1DC6C972C8AB3AB0040BFD7 /* Release */,
			);
			defaultConfigurationIsVisible = 0;
			defaultConfigurationName = Release;
		};
		A1DC6C982C8AB3AB0040BFD7 /* Build configuration list for PBXNativeTarget "SDLSimple" */ = {
			isa = XCConfigurationList;
			buildConfigurations = (
				A1DC6C992C8AB3AB0040BFD7 /* Debug */,
				A1DC6C9A2C8AB3AB0040BFD7 /* Release */,
			);
			defaultConfigurationIsVisible = 0;
			defaultConfigurationName = Release;
		};
/* End XCConfigurationList section */
	};
	rootObject = A1DC6C892C8AB3AB0040BFD7 /* Project object */;
}
